schema: '2.0'
stages:
  preprocess:
    cmd: python src/preprocess.py
    deps:
    - path: data/raw/diabetes.csv
      hash: md5
      md5: f2906818eda8fcfc8f8416557ab1e6df
      size: 23873
    - path: src/preprocess.py
      hash: md5
      md5: 96c9d91f3ace810c64f6f3d16f0c3261
      size: 413
    outs:
    - path: data/processed/test.csv
      hash: md5
      md5: 0ae68e0c1e7e08024e93e5ffcc87bfbf
      size: 4873
    - path: data/processed/train.csv
      hash: md5
      md5: 41288c9b48d586ac06a6de4eb3e16d98
      size: 19284
  train:
    cmd: python src/train.py
    deps:
    - path: data/processed/train.csv
      hash: md5
      md5: 41288c9b48d586ac06a6de4eb3e16d98
      size: 19284
    - path: src/train.py
      hash: md5
      md5: eb227b4e109029148cfa2ae1e73be68e
      size: 841
    params:
      params.yaml:
        models:
        - logistic
    outs:
    - path: models/
      hash: md5
      md5: c66f3cf049ed6c257e6c260417153dc9.dir
      size: 1279
      nfiles: 1
  validate:
    cmd: python src/validate.py
    deps:
    - path: data/processed/test.csv
      hash: md5
      md5: 0ae68e0c1e7e08024e93e5ffcc87bfbf
      size: 4873
    - path: models/
      hash: md5
      md5: c66f3cf049ed6c257e6c260417153dc9.dir
      size: 1279
      nfiles: 1
    - path: src/validate.py
      hash: md5
      md5: 15a614c01f8c024dccbc04f70ff4b5e1
      size: 1214
    outs:
    - path: metrics/metrics.json
      hash: md5
      md5: 8b2dce9e3f8e14be70e261df5a431b7b
      size: 70
    - path: plots/confusion_matrix.png
      hash: md5
      md5: ace32b6bdfc7089b1ca4c746323931a3
      size: 9390
