schema: '2.0'
stages:
  preprocess:
    cmd: python src/preprocess.py
    deps:
    - path: data/raw/diabetes.csv
      hash: md5
      md5: f2906818eda8fcfc8f8416557ab1e6df
      size: 23873
    - path: src/preprocess.py
      hash: md5
      md5: 96c9d91f3ace810c64f6f3d16f0c3261
      size: 413
    outs:
    - path: data/processed/test.csv
      hash: md5
      md5: 0ae68e0c1e7e08024e93e5ffcc87bfbf
      size: 4873
    - path: data/processed/train.csv
      hash: md5
      md5: 41288c9b48d586ac06a6de4eb3e16d98
      size: 19284
  train:
    cmd: python src/train.py
    deps:
    - path: data/processed/train.csv
      hash: md5
      md5: 41288c9b48d586ac06a6de4eb3e16d98
      size: 19284
    - path: src/train.py
      hash: md5
      md5: eb227b4e109029148cfa2ae1e73be68e
      size: 841
    params:
      params.yaml:
        models:
        - logistic
        - random_forest
    outs:
    - path: models/
      hash: md5
      md5: 634e8c6f0c8aa0857422b37d71b77b58.dir
      size: 1738744
      nfiles: 2
  validate:
    cmd: python src/validate.py
    deps:
    - path: data/processed/test.csv
      hash: md5
      md5: 0ae68e0c1e7e08024e93e5ffcc87bfbf
      size: 4873
    - path: models/model.pkl
      hash: md5
      md5: 1c7a985b7d1f0615fcf81015c31bb2e6
      size: 1717145
    - path: src/validate.py
      hash: md5
      md5: 0220178f96981f2d9fe7aa73f2f4a236
      size: 750
    outs:
    - path: metrics/metrics.json
      hash: md5
      md5: 4d6bd89f933de5706e5800f646b4aa42
      size: 32
    - path: plots/confusion_matrix.png
      hash: md5
      md5: e4aa1fe711db26e2cb657b1d6c7be385
      size: 12330
