schema: '2.0'
stages:
  preprocess:
    cmd: python src/preprocess.py
    deps:
    - path: data/raw/diabetes.csv
      hash: md5
      md5: f2906818eda8fcfc8f8416557ab1e6df
      size: 23873
    - path: src/preprocess.py
      hash: md5
      md5: 96c9d91f3ace810c64f6f3d16f0c3261
      size: 413
    outs:
    - path: data/processed/test.csv
      hash: md5
      md5: 0ae68e0c1e7e08024e93e5ffcc87bfbf
      size: 4873
    - path: data/processed/train.csv
      hash: md5
      md5: 41288c9b48d586ac06a6de4eb3e16d98
      size: 19284
  train:
    cmd: python src/train.py
    deps:
    - path: data/processed/train.csv
      hash: md5
      md5: 41288c9b48d586ac06a6de4eb3e16d98
      size: 19284
    - path: src/train.py
      hash: md5
      md5: 157b903199ea60cfbf33469e42783e8c
      size: 827
    params:
      params.yaml:
        models:
        - logistic
    outs:
    - path: models/
      hash: md5
      md5: d98e771a4f9d50e5523ab94c30ea88e4.dir
      size: 1279
      nfiles: 1
  validate:
    cmd: python src/validate.py
    deps:
    - path: data/processed/test.csv
      hash: md5
      md5: 0ae68e0c1e7e08024e93e5ffcc87bfbf
      size: 4873
    - path: models/
      hash: md5
      md5: d98e771a4f9d50e5523ab94c30ea88e4.dir
      size: 1279
      nfiles: 1
    - path: src/validate.py
      hash: md5
      md5: 4deab61947dc28fc25fbdc52df7e1c3b
      size: 825
    outs:
    - path: metrics/metrics.json
      hash: md5
      md5: 6683c4cb557bd005773d9db2ef5560ae
      size: 40
    - path: plots/confusion_matrix.png
      hash: md5
      md5: 432308ab39d80e9778afb3bc66ffc41a
      size: 10772
